
Microsoft Visual Studio Solution File, Format Version 12.00
# Visual Studio Express 2012 for Windows 8
Project("{262852C6-CD72-467D-83FE-5EEB1973A190}") = "Z8", "Z8.jsproj", "{DA77BD3D-0B33-4212-AE76-C5DF03D5A76F}"
EndProject
Project("{2150E333-8FDC-42A3-9474-1A3956D46DE8}") = "Leistungsberichte", "Leistungsberichte", "{516BF0D0-C806-4137-8C51-9537135F1734}"
	ProjectSection(SolutionItems) = preProject
		Report130411.vspx = Report130411.vspx
	EndProjectSection
EndProject
Global
	GlobalSection(SolutionConfigurationPlatforms) = preSolution
		Debug|Any CPU = Debug|Any CPU
		Debug|ARM = Debug|ARM
		Debug|x64 = Debug|x64
		Debug|x86 = Debug|x86
		Release|Any CPU = Release|Any CPU
		Release|ARM = Release|ARM
		Release|x64 = Release|x64
		Release|x86 = Release|x86
	EndGlobalSection
	GlobalSection(ProjectConfigurationPlatforms) = postSolution
		{DA77BD3D-0B33-4212-AE76-C5DF03D5A76F}.Debug|Any CPU.ActiveCfg = Debug|Any CPU
		{DA77BD3D-0B33-4212-AE76-C5DF03D5A76F}.Debug|Any CPU.Build.0 = Debug|Any CPU
		{DA77BD3D-0B33-4212-AE76-C5DF03D5A76F}.Debug|Any CPU.Deploy.0 = Debug|Any CPU
		{DA77BD3D-0B33-4212-AE76-C5DF03D5A76F}.Debug|ARM.ActiveCfg = Debug|ARM
		{DA77BD3D-0B33-4212-AE76-C5DF03D5A76F}.Debug|ARM.Build.0 = Debug|ARM
		{DA77BD3D-0B33-4212-AE76-C5DF03D5A76F}.Debug|ARM.Deploy.0 = Debug|ARM
		{DA77BD3D-0B33-4212-AE76-C5DF03D5A76F}.Debug|x64.ActiveCfg = Debug|x64
		{DA77BD3D-0B33-4212-AE76-C5DF03D5A76F}.Debug|x64.Build.0 = Debug|x64
		{DA77BD3D-0B33-4212-AE76-C5DF03D5A76F}.Debug|x64.Deploy.0 = Debug|x64
		{DA77BD3D-0B33-4212-AE76-C5DF03D5A76F}.Debug|x86.ActiveCfg = Debug|x86
		{DA77BD3D-0B33-4212-AE76-C5DF03D5A76F}.Debug|x86.Build.0 = Debug|x86
		{DA77BD3D-0B33-4212-AE76-C5DF03D5A76F}.Debug|x86.Deploy.0 = Debug|x86
		{DA77BD3D-0B33-4212-AE76-C5DF03D5A76F}.Release|Any CPU.ActiveCfg = Release|Any CPU
		{DA77BD3D-0B33-4212-AE76-C5DF03D5A76F}.Release|Any CPU.Build.0 = Release|Any CPU
		{DA77BD3D-0B33-4212-AE76-C5DF03D5A76F}.Release|Any CPU.Deploy.0 = Release|Any CPU
		{DA77BD3D-0B33-4212-AE76-C5DF03D5A76F}.Release|ARM.ActiveCfg = Release|ARM
		{DA77BD3D-0B33-4212-AE76-C5DF03D5A76F}.Release|ARM.Build.0 = Release|ARM
		{DA77BD3D-0B33-4212-AE76-C5DF03D5A76F}.Release|ARM.Deploy.0 = Release|ARM
		{DA77BD3D-0B33-4212-AE76-C5DF03D5A76F}.Release|x64.ActiveCfg = Release|x64
		{DA77BD3D-0B33-4212-AE76-C5DF03D5A76F}.Release|x64.Build.0 = Release|x64
		{DA77BD3D-0B33-4212-AE76-C5DF03D5A76F}.Release|x64.Deploy.0 = Release|x64
		{DA77BD3D-0B33-4212-AE76-C5DF03D5A76F}.Release|x86.ActiveCfg = Release|x86
		{DA77BD3D-0B33-4212-AE76-C5DF03D5A76F}.Release|x86.Build.0 = Release|x86
		{DA77BD3D-0B33-4212-AE76-C5DF03D5A76F}.Release|x86.Deploy.0 = Release|x86
	EndGlobalSection
	GlobalSection(SolutionProperties) = preSolution
		HideSolutionNode = FALSE
	EndGlobalSection
EndGlobal
